
Microsoft Visual Studio Solution File, Format Version 12.00
# Visual Studio 15
VisualStudioVersion = 15.0.28307.1340
MinimumVisualStudioVersion = 10.0.40219.1
Project("{FAE04EC0-301F-11D3-BF4B-00C04F79EFBC}") = "WebApplicationTUPA5", "WebApplicationTUPA5\WebApplicationTUPA5.csproj", "{0EAB0728-D1F6-4021-9DEA-E76B5064BCAA}"
EndProject
Project("{FAE04EC0-301F-11D3-BF4B-00C04F79EFBC}") = "WindowsFormsClient", "WindowsFormsClient\WindowsFormsClient.csproj", "{493C189C-E929-45AF-95AB-685173098310}"
	ProjectSection(ProjectDependencies) = postProject
		{0EAB0728-D1F6-4021-9DEA-E76B5064BCAA} = {0EAB0728-D1F6-4021-9DEA-E76B5064BCAA}
	EndProjectSection
EndProject
Global
	GlobalSection(SolutionConfigurationPlatforms) = preSolution
		Debug|Any CPU = Debug|Any CPU
		Release|Any CPU = Release|Any CPU
	EndGlobalSection
	GlobalSection(ProjectConfigurationPlatforms) = postSolution
		{0EAB0728-D1F6-4021-9DEA-E76B5064BCAA}.Debug|Any CPU.ActiveCfg = Debug|Any CPU
		{0EAB0728-D1F6-4021-9DEA-E76B5064BCAA}.Debug|Any CPU.Build.0 = Debug|Any CPU
		{0EAB0728-D1F6-4021-9DEA-E76B5064BCAA}.Release|Any CPU.ActiveCfg = Release|Any CPU
		{0EAB0728-D1F6-4021-9DEA-E76B5064BCAA}.Release|Any CPU.Build.0 = Release|Any CPU
		{493C189C-E929-45AF-95AB-685173098310}.Debug|Any CPU.ActiveCfg = Debug|Any CPU
		{493C189C-E929-45AF-95AB-685173098310}.Debug|Any CPU.Build.0 = Debug|Any CPU
		{493C189C-E929-45AF-95AB-685173098310}.Release|Any CPU.ActiveCfg = Release|Any CPU
		{493C189C-E929-45AF-95AB-685173098310}.Release|Any CPU.Build.0 = Release|Any CPU
	EndGlobalSection
	GlobalSection(SolutionProperties) = preSolution
		HideSolutionNode = FALSE
	EndGlobalSection
	GlobalSection(ExtensibilityGlobals) = postSolution
		SolutionGuid = {74C9CA56-3FB0-4A55-A839-B6AF59195E7A}
	EndGlobalSection
EndGlobal
